
Microsoft Visual Studio Solution File, Format Version 12.00
# Visual Studio Version 16
VisualStudioVersion = 16.0.29411.108
MinimumVisualStudioVersion = 10.0.40219.1
Project("{9A19103F-16F7-4668-BE54-9A1E7A4F7556}") = "Dia 1", "Dia 1\Dia 1.csproj", "{64ABDEC8-E849-40D6-8C08-E35F48674893}"
EndProject
Project("{9A19103F-16F7-4668-BE54-9A1E7A4F7556}") = "Dia 3", "Dia 3\Dia 3.csproj", "{51CA690F-B766-456C-99C4-3AF883E5EC45}"
EndProject
Project("{FAE04EC0-301F-11D3-BF4B-00C04F79EFBC}") = "Dia 5", "Dia 5\Dia 5\Dia 5.csproj", "{D8A05A37-45C3-4B87-B335-8E8231122C72}"
EndProject
Project("{FAE04EC0-301F-11D3-BF4B-00C04F79EFBC}") = "Dia 4", "Dia 4\Dia 4\Dia 4.csproj", "{A7061F20-E7FD-4A0F-9737-3712815B18D1}"
EndProject
Project("{FAE04EC0-301F-11D3-BF4B-00C04F79EFBC}") = "Dia 2", "Dia 2\Dia 2.csproj", "{8DE6F5E7-CE95-4D77-8344-B2C1A02418FA}"
EndProject
Project("{FAE04EC0-301F-11D3-BF4B-00C04F79EFBC}") = "Dia 6", "Dia 6\Dia 6.csproj", "{53D58B55-1B8D-4E82-9FFD-77769996025F}"
EndProject
Project("{FAE04EC0-301F-11D3-BF4B-00C04F79EFBC}") = "Dia 10", "Dia 10\Dia 10.csproj", "{27EB0E25-FC02-4365-8EA0-B3FF0957E96F}"
EndProject
Global
	GlobalSection(SolutionConfigurationPlatforms) = preSolution
		Debug|Any CPU = Debug|Any CPU
		Release|Any CPU = Release|Any CPU
	EndGlobalSection
	GlobalSection(ProjectConfigurationPlatforms) = postSolution
		{64ABDEC8-E849-40D6-8C08-E35F48674893}.Debug|Any CPU.ActiveCfg = Debug|Any CPU
		{64ABDEC8-E849-40D6-8C08-E35F48674893}.Debug|Any CPU.Build.0 = Debug|Any CPU
		{64ABDEC8-E849-40D6-8C08-E35F48674893}.Release|Any CPU.ActiveCfg = Release|Any CPU
		{64ABDEC8-E849-40D6-8C08-E35F48674893}.Release|Any CPU.Build.0 = Release|Any CPU
		{51CA690F-B766-456C-99C4-3AF883E5EC45}.Debug|Any CPU.ActiveCfg = Debug|Any CPU
		{51CA690F-B766-456C-99C4-3AF883E5EC45}.Debug|Any CPU.Build.0 = Debug|Any CPU
		{51CA690F-B766-456C-99C4-3AF883E5EC45}.Release|Any CPU.ActiveCfg = Release|Any CPU
		{51CA690F-B766-456C-99C4-3AF883E5EC45}.Release|Any CPU.Build.0 = Release|Any CPU
		{D8A05A37-45C3-4B87-B335-8E8231122C72}.Debug|Any CPU.ActiveCfg = Debug|Any CPU
		{D8A05A37-45C3-4B87-B335-8E8231122C72}.Debug|Any CPU.Build.0 = Debug|Any CPU
		{D8A05A37-45C3-4B87-B335-8E8231122C72}.Release|Any CPU.ActiveCfg = Release|Any CPU
		{D8A05A37-45C3-4B87-B335-8E8231122C72}.Release|Any CPU.Build.0 = Release|Any CPU
		{A7061F20-E7FD-4A0F-9737-3712815B18D1}.Debug|Any CPU.ActiveCfg = Debug|Any CPU
		{A7061F20-E7FD-4A0F-9737-3712815B18D1}.Debug|Any CPU.Build.0 = Debug|Any CPU
		{A7061F20-E7FD-4A0F-9737-3712815B18D1}.Release|Any CPU.ActiveCfg = Release|Any CPU
		{A7061F20-E7FD-4A0F-9737-3712815B18D1}.Release|Any CPU.Build.0 = Release|Any CPU
		{8DE6F5E7-CE95-4D77-8344-B2C1A02418FA}.Debug|Any CPU.ActiveCfg = Debug|Any CPU
		{8DE6F5E7-CE95-4D77-8344-B2C1A02418FA}.Debug|Any CPU.Build.0 = Debug|Any CPU
		{8DE6F5E7-CE95-4D77-8344-B2C1A02418FA}.Release|Any CPU.ActiveCfg = Release|Any CPU
		{8DE6F5E7-CE95-4D77-8344-B2C1A02418FA}.Release|Any CPU.Build.0 = Release|Any CPU
		{53D58B55-1B8D-4E82-9FFD-77769996025F}.Debug|Any CPU.ActiveCfg = Debug|Any CPU
		{53D58B55-1B8D-4E82-9FFD-77769996025F}.Debug|Any CPU.Build.0 = Debug|Any CPU
		{53D58B55-1B8D-4E82-9FFD-77769996025F}.Release|Any CPU.ActiveCfg = Release|Any CPU
		{53D58B55-1B8D-4E82-9FFD-77769996025F}.Release|Any CPU.Build.0 = Release|Any CPU
		{27EB0E25-FC02-4365-8EA0-B3FF0957E96F}.Debug|Any CPU.ActiveCfg = Debug|Any CPU
		{27EB0E25-FC02-4365-8EA0-B3FF0957E96F}.Debug|Any CPU.Build.0 = Debug|Any CPU
		{27EB0E25-FC02-4365-8EA0-B3FF0957E96F}.Release|Any CPU.ActiveCfg = Release|Any CPU
		{27EB0E25-FC02-4365-8EA0-B3FF0957E96F}.Release|Any CPU.Build.0 = Release|Any CPU
	EndGlobalSection
	GlobalSection(SolutionProperties) = preSolution
		HideSolutionNode = FALSE
	EndGlobalSection
	GlobalSection(ExtensibilityGlobals) = postSolution
		SolutionGuid = {F9DC2820-3879-413D-B615-7745EBC6BAB4}
	EndGlobalSection
EndGlobal
